
Microsoft Visual Studio Solution File, Format Version 12.00
# Visual Studio Version 17
VisualStudioVersion = 17.9.34622.214
MinimumVisualStudioVersion = 10.0.40219.1
Project("{9A19103F-16F7-4668-BE54-9A1E7A4F7556}") = "BlazorAuth", "BlazorAuth\BlazorAuth\BlazorAuth.csproj", "{6C1C44D0-CDAE-4194-AF9E-D43EC5B2FEE2}"
EndProject
Project("{9A19103F-16F7-4668-BE54-9A1E7A4F7556}") = "BlazorAuth.Client", "BlazorAuth\BlazorAuth.Client\BlazorAuth.Client.csproj", "{1102753B-CA4A-410A-8407-8DEF220CDF85}"
EndProject
Project("{FAE04EC0-301F-11D3-BF4B-00C04F79EFBC}") = "LegacyWebApplication", "LegacyWebApplication\LegacyWebApplication.csproj", "{E68A340A-7ED2-43B7-9680-041AFAA7C592}"
EndProject
Global
	GlobalSection(SolutionConfigurationPlatforms) = preSolution
		Debug|Any CPU = Debug|Any CPU
		Release|Any CPU = Release|Any CPU
	EndGlobalSection
	GlobalSection(ProjectConfigurationPlatforms) = postSolution
		{6C1C44D0-CDAE-4194-AF9E-D43EC5B2FEE2}.Debug|Any CPU.ActiveCfg = Debug|Any CPU
		{6C1C44D0-CDAE-4194-AF9E-D43EC5B2FEE2}.Debug|Any CPU.Build.0 = Debug|Any CPU
		{6C1C44D0-CDAE-4194-AF9E-D43EC5B2FEE2}.Release|Any CPU.ActiveCfg = Release|Any CPU
		{6C1C44D0-CDAE-4194-AF9E-D43EC5B2FEE2}.Release|Any CPU.Build.0 = Release|Any CPU
		{1102753B-CA4A-410A-8407-8DEF220CDF85}.Debug|Any CPU.ActiveCfg = Debug|Any CPU
		{1102753B-CA4A-410A-8407-8DEF220CDF85}.Debug|Any CPU.Build.0 = Debug|Any CPU
		{1102753B-CA4A-410A-8407-8DEF220CDF85}.Release|Any CPU.ActiveCfg = Release|Any CPU
		{1102753B-CA4A-410A-8407-8DEF220CDF85}.Release|Any CPU.Build.0 = Release|Any CPU
		{E68A340A-7ED2-43B7-9680-041AFAA7C592}.Debug|Any CPU.ActiveCfg = Debug|Any CPU
		{E68A340A-7ED2-43B7-9680-041AFAA7C592}.Debug|Any CPU.Build.0 = Debug|Any CPU
		{E68A340A-7ED2-43B7-9680-041AFAA7C592}.Release|Any CPU.ActiveCfg = Release|Any CPU
		{E68A340A-7ED2-43B7-9680-041AFAA7C592}.Release|Any CPU.Build.0 = Release|Any CPU
	EndGlobalSection
	GlobalSection(SolutionProperties) = preSolution
		HideSolutionNode = FALSE
	EndGlobalSection
	GlobalSection(ExtensibilityGlobals) = postSolution
		SolutionGuid = {75F45142-A36A-470C-96BF-BF4E5C822B58}
	EndGlobalSection
EndGlobal
